{
  "requires": true,
  "lockfileVersion": 1,
  "dependencies": {
    "@dcloudio/uni-ui": {
      "version": "1.4.27",
      "resolved": "https://registry.npmmirror.com/@dcloudio/uni-ui/-/uni-ui-1.4.27.tgz",
      "integrity": "sha512-rum85gViMdOsmbVlb+iWV7V0ZEczaefpCvNaUE8mKjYfgY5NA5XeDOdG+K2Ki4BJ0gAwz8r+2w2EW2lu8XLImg=="
    }
  }
}
